{
  "object": {
    "pins": [
      {
        "package": "LANumerics",
        "repositoryURL": "https://github.com/phlegmaticprogrammer/LANumerics.git",
        "state": {
          "branch": null,
          "revision": "03af0129f4ac7a3e05cb6856b86b84e30f4e7bf4",
          "version": "0.1.11"
        }
      },
      {
        "package": "swift-numerics",
        "repositoryURL": "https://github.com/apple/swift-numerics",
        "state": {
          "branch": null,
          "revision": "6b24333510e9044cf4716a07bed65eeed6bc6393",
          "version": "0.0.8"
        }
      },
      {
        "package": "SwiftPlot",
        "repositoryURL": "https://github.com/KarthikRIyer/swiftplot.git",
        "state": {
          "branch": null,
          "revision": "c5424eb8688217029d44e941d3a1d2ccc18c3a82",
          "version": "2.0.0"
        }
      }
    ]
  },
  "version": 1
}
